<?xml version="1.0" encoding="utf-8"?>
<Project ToolsVersion="4.0" xmlns="http://schemas.microsoft.com/developer/msbuild/2003">
  <ItemGroup>
    <Filter Include="Source Files">
      <UniqueIdentifier>{4FC737F1-C7A5-4376-A066-2A32D752A2FF}</UniqueIdentifier>
      <Extensions>cpp;c;cc;cxx;def;odl;idl;hpj;bat;asm;asmx</Extensions>
    </Filter>
    <Filter Include="Header Files">
      <UniqueIdentifier>{93995380-89BD-4b04-88EB-625FBE52EBFB}</UniqueIdentifier>
      <Extensions>h;hh;hpp;hxx;hm;inl;inc;ipp;xsd</Extensions>
    </Filter>
    <Filter Include="Resource Files">
      <UniqueIdentifier>{67DA6AB6-F800-4c08-8B7A-83BB121AAD01}</UniqueIdentifier>
      <Extensions>rc;ico;cur;bmp;dlg;rc2;rct;bin;rgs;gif;jpg;jpeg;jpe;resx;tiff;tif;png;wav;mfcribbon-ms</Extensions>
    </Filter>
  </ItemGroup>
  <ItemGroup>
    <Text Include="2019-2020-HK2-19CLC7-BAA00005-Student.txt" />
    <Text Include="2019-2020-HK2-19CLC7-CSC1002-Student.txt" />
    <Text Include="2019-2020-HK2-19CLC7-PHY004-Student.txt" />
    <Text Include="2019-2020-HK2-19CLC7-PHY005-Student.txt" />
    <Text Include="2019-2020-HK2-19CLC7-PSY00001-Student.txt" />
    <Text Include="2019-2020-HK2-Schedule-19CLC7.txt" />
    <Text Include="Class.txt" />
    <Text Include="lecturer.txt" />
    <Text Include="Semester.txt" />
    <Text Include="Staff.txt" />
    <Text Include="Student.txt" />
    <Text Include="Student-19APCS2.txt" />
    <Text Include="Student-19CLC7.txt" />
  </ItemGroup>
  <ItemGroup>
    <ClCompile Include="all_roles.cpp">
      <Filter>Source Files</Filter>
    </ClCompile>
    <ClCompile Include="course.cpp">
      <Filter>Source Files</Filter>
    </ClCompile>
    <ClCompile Include="Hash.cpp">
      <Filter>Source Files</Filter>
    </ClCompile>
    <ClCompile Include="login.cpp">
      <Filter>Source Files</Filter>
    </ClCompile>
    <ClCompile Include="main.cpp">
      <Filter>Source Files</Filter>
    </ClCompile>
    <ClCompile Include="staff.cpp">
      <Filter>Source Files</Filter>
    </ClCompile>
    <ClCompile Include="Student.cpp">
      <Filter>Source Files</Filter>
    </ClCompile>
    <ClCompile Include="WindowScreen.cpp">
      <Filter>Source Files</Filter>
    </ClCompile>
  </ItemGroup>
  <ItemGroup>
    <ClInclude Include="startup.h">
      <Filter>Header Files</Filter>
    </ClInclude>
    <ClInclude Include="resource.h">
      <Filter>Header Files</Filter>
    </ClInclude>
  </ItemGroup>
  <ItemGroup>
    <ResourceCompile Include="StudentManagementProgram.rc">
      <Filter>Resource Files</Filter>
    </ResourceCompile>
  </ItemGroup>
  <ItemGroup>
    <Image Include="..\..\..\..\..\Downloads\unnamed.ico">
      <Filter>Resource Files</Filter>
    </Image>
  </ItemGroup>
</Project>